github.com/gochore/pt v1.1.2 h1:3qS64f1ZrFgp28dperUHfo7U22gL/QeGWsaxQ0veIBE=
github.com/gochore/pt v1.1.2/go.mod h1:8fd2g+qoAO1QIorsgi9vLJCMudJ5m+nDhY8r1nPP6dg=
github.com/robfig/cron v1.2.0 h1:ZjScXvvxeQ63Dbyxy76Fj3AT3Ut0aKsyd2/tl3DTMuQ=
github.com/robfig/cron/v3 v3.0.1 h1:WdRxkvbJztn8LMz/QEvLN5sBU+xKpSqwwUO1Pjr4qDs=
github.com/robfig/cron/v3 v3.0.1/go.mod h1:eQICP3HwyT7UooqI/z+Ov+PtYAWygg1TEWWzGIFLtro=
